
Microsoft Visual Studio Solution File, Format Version 12.00
# Visual Studio Version 16
VisualStudioVersion = 16.0.32002.261
MinimumVisualStudioVersion = 10.0.40219.1
Project("{FAE04EC0-301F-11D3-BF4B-00C04F79EFBC}") = "PersonsInfo", "PersonsInfo\PersonsInfo.csproj", "{EDE5CA89-6A42-4B26-AF92-B926B870A0F8}"
EndProject
Global
	GlobalSection(SolutionConfigurationPlatforms) = preSolution
		Debug|Any CPU = Debug|Any CPU
		Release|Any CPU = Release|Any CPU
	EndGlobalSection
	GlobalSection(ProjectConfigurationPlatforms) = postSolution
		{EDE5CA89-6A42-4B26-AF92-B926B870A0F8}.Debug|Any CPU.ActiveCfg = Debug|Any CPU
		{EDE5CA89-6A42-4B26-AF92-B926B870A0F8}.Debug|Any CPU.Build.0 = Debug|Any CPU
		{EDE5CA89-6A42-4B26-AF92-B926B870A0F8}.Release|Any CPU.ActiveCfg = Release|Any CPU
		{EDE5CA89-6A42-4B26-AF92-B926B870A0F8}.Release|Any CPU.Build.0 = Release|Any CPU
	EndGlobalSection
	GlobalSection(SolutionProperties) = preSolution
		HideSolutionNode = FALSE
	EndGlobalSection
	GlobalSection(ExtensibilityGlobals) = postSolution
		SolutionGuid = {7FD57565-592C-4CB2-9062-EEBA37ED88D0}
	EndGlobalSection
EndGlobal
