
Microsoft Visual Studio Solution File, Format Version 12.00
# Visual Studio Version 16
VisualStudioVersion = 16.0.32002.261
MinimumVisualStudioVersion = 10.0.40219.1
Project("{FAE04EC0-301F-11D3-BF4B-00C04F79EFBC}") = "CarManufacturer", "CarManufacturer\CarManufacturer.csproj", "{0FF2245A-3B3B-4CF2-9377-8198E1EF2655}"
EndProject
Global
	GlobalSection(SolutionConfigurationPlatforms) = preSolution
		Debug|Any CPU = Debug|Any CPU
		Release|Any CPU = Release|Any CPU
	EndGlobalSection
	GlobalSection(ProjectConfigurationPlatforms) = postSolution
		{0FF2245A-3B3B-4CF2-9377-8198E1EF2655}.Debug|Any CPU.ActiveCfg = Debug|Any CPU
		{0FF2245A-3B3B-4CF2-9377-8198E1EF2655}.Debug|Any CPU.Build.0 = Debug|Any CPU
		{0FF2245A-3B3B-4CF2-9377-8198E1EF2655}.Release|Any CPU.ActiveCfg = Release|Any CPU
		{0FF2245A-3B3B-4CF2-9377-8198E1EF2655}.Release|Any CPU.Build.0 = Release|Any CPU
	EndGlobalSection
	GlobalSection(SolutionProperties) = preSolution
		HideSolutionNode = FALSE
	EndGlobalSection
	GlobalSection(ExtensibilityGlobals) = postSolution
		SolutionGuid = {73574005-560C-4168-A1CD-0AE190AB1409}
	EndGlobalSection
EndGlobal
