
Microsoft Visual Studio Solution File, Format Version 12.00
# Visual Studio Version 16
VisualStudioVersion = 16.0.32002.261
MinimumVisualStudioVersion = 10.0.40219.1
Project("{9A19103F-16F7-4668-BE54-9A1E7A4F7556}") = "ClassBoxData", "ClassBoxData\ClassBoxData.csproj", "{59C95741-FFFB-45F0-A12E-F7EE8320B2C3}"
EndProject
Project("{9A19103F-16F7-4668-BE54-9A1E7A4F7556}") = "AnimalFarm", "02. Animal Farm_Skeleton\AnimalFarm\AnimalFarm\AnimalFarm.csproj", "{1D7CB276-59BD-4B57-9D98-2BC2F21D423D}"
EndProject
Project("{9A19103F-16F7-4668-BE54-9A1E7A4F7556}") = "ShoppingSpree", "ShoppingSpree\ShoppingSpree.csproj", "{B5B505CA-742E-4FE1-A7B4-89A1D4A01D46}"
EndProject
Project("{FAE04EC0-301F-11D3-BF4B-00C04F79EFBC}") = "PizzaCalories", "PizzaCalories\PizzaCalories.csproj", "{781B091B-6BAB-486B-ACA4-4A277A2170A4}"
EndProject
Project("{FAE04EC0-301F-11D3-BF4B-00C04F79EFBC}") = "FootballTeamGenerator", "FootballTeamGenerator\FootballTeamGenerator.csproj", "{59E9D79B-CB64-4686-9D2D-C7460AFB1582}"
EndProject
Global
	GlobalSection(SolutionConfigurationPlatforms) = preSolution
		Debug|Any CPU = Debug|Any CPU
		Release|Any CPU = Release|Any CPU
	EndGlobalSection
	GlobalSection(ProjectConfigurationPlatforms) = postSolution
		{59C95741-FFFB-45F0-A12E-F7EE8320B2C3}.Debug|Any CPU.ActiveCfg = Debug|Any CPU
		{59C95741-FFFB-45F0-A12E-F7EE8320B2C3}.Debug|Any CPU.Build.0 = Debug|Any CPU
		{59C95741-FFFB-45F0-A12E-F7EE8320B2C3}.Release|Any CPU.ActiveCfg = Release|Any CPU
		{59C95741-FFFB-45F0-A12E-F7EE8320B2C3}.Release|Any CPU.Build.0 = Release|Any CPU
		{1D7CB276-59BD-4B57-9D98-2BC2F21D423D}.Debug|Any CPU.ActiveCfg = Debug|Any CPU
		{1D7CB276-59BD-4B57-9D98-2BC2F21D423D}.Debug|Any CPU.Build.0 = Debug|Any CPU
		{1D7CB276-59BD-4B57-9D98-2BC2F21D423D}.Release|Any CPU.ActiveCfg = Release|Any CPU
		{1D7CB276-59BD-4B57-9D98-2BC2F21D423D}.Release|Any CPU.Build.0 = Release|Any CPU
		{B5B505CA-742E-4FE1-A7B4-89A1D4A01D46}.Debug|Any CPU.ActiveCfg = Debug|Any CPU
		{B5B505CA-742E-4FE1-A7B4-89A1D4A01D46}.Debug|Any CPU.Build.0 = Debug|Any CPU
		{B5B505CA-742E-4FE1-A7B4-89A1D4A01D46}.Release|Any CPU.ActiveCfg = Release|Any CPU
		{B5B505CA-742E-4FE1-A7B4-89A1D4A01D46}.Release|Any CPU.Build.0 = Release|Any CPU
		{781B091B-6BAB-486B-ACA4-4A277A2170A4}.Debug|Any CPU.ActiveCfg = Debug|Any CPU
		{781B091B-6BAB-486B-ACA4-4A277A2170A4}.Debug|Any CPU.Build.0 = Debug|Any CPU
		{781B091B-6BAB-486B-ACA4-4A277A2170A4}.Release|Any CPU.ActiveCfg = Release|Any CPU
		{781B091B-6BAB-486B-ACA4-4A277A2170A4}.Release|Any CPU.Build.0 = Release|Any CPU
		{59E9D79B-CB64-4686-9D2D-C7460AFB1582}.Debug|Any CPU.ActiveCfg = Debug|Any CPU
		{59E9D79B-CB64-4686-9D2D-C7460AFB1582}.Debug|Any CPU.Build.0 = Debug|Any CPU
		{59E9D79B-CB64-4686-9D2D-C7460AFB1582}.Release|Any CPU.ActiveCfg = Release|Any CPU
		{59E9D79B-CB64-4686-9D2D-C7460AFB1582}.Release|Any CPU.Build.0 = Release|Any CPU
	EndGlobalSection
	GlobalSection(SolutionProperties) = preSolution
		HideSolutionNode = FALSE
	EndGlobalSection
	GlobalSection(ExtensibilityGlobals) = postSolution
		SolutionGuid = {A6CC3421-B85A-4862-85E7-EEA4B119D3BE}
	EndGlobalSection
EndGlobal
