
Microsoft Visual Studio Solution File, Format Version 12.00
# Visual Studio Version 17
VisualStudioVersion = 17.0.32014.148
MinimumVisualStudioVersion = 10.0.40219.1
Project("{FAE04EC0-301F-11D3-BF4B-00C04F79EFBC}") = "01. Barista Contest", "01. Barista Contest\01. Barista Contest.csproj", "{804ED596-290E-4D40-8900-26C2C3306653}"
EndProject
Project("{FAE04EC0-301F-11D3-BF4B-00C04F79EFBC}") = "02. Help-A-Mole", "02. Help-A-Mole\02. Help-A-Mole.csproj", "{EA7CEF71-561D-4692-968F-E60350C0A05D}"
EndProject
Global
	GlobalSection(SolutionConfigurationPlatforms) = preSolution
		Debug|Any CPU = Debug|Any CPU
		Release|Any CPU = Release|Any CPU
	EndGlobalSection
	GlobalSection(ProjectConfigurationPlatforms) = postSolution
		{804ED596-290E-4D40-8900-26C2C3306653}.Debug|Any CPU.ActiveCfg = Debug|Any CPU
		{804ED596-290E-4D40-8900-26C2C3306653}.Debug|Any CPU.Build.0 = Debug|Any CPU
		{804ED596-290E-4D40-8900-26C2C3306653}.Release|Any CPU.ActiveCfg = Release|Any CPU
		{804ED596-290E-4D40-8900-26C2C3306653}.Release|Any CPU.Build.0 = Release|Any CPU
		{EA7CEF71-561D-4692-968F-E60350C0A05D}.Debug|Any CPU.ActiveCfg = Debug|Any CPU
		{EA7CEF71-561D-4692-968F-E60350C0A05D}.Debug|Any CPU.Build.0 = Debug|Any CPU
		{EA7CEF71-561D-4692-968F-E60350C0A05D}.Release|Any CPU.ActiveCfg = Release|Any CPU
		{EA7CEF71-561D-4692-968F-E60350C0A05D}.Release|Any CPU.Build.0 = Release|Any CPU
	EndGlobalSection
	GlobalSection(SolutionProperties) = preSolution
		HideSolutionNode = FALSE
	EndGlobalSection
	GlobalSection(ExtensibilityGlobals) = postSolution
		SolutionGuid = {F1D88A32-2F4D-4984-BE33-73E2A8B147AD}
	EndGlobalSection
EndGlobal
