
Microsoft Visual Studio Solution File, Format Version 12.00
# Visual Studio Version 16
VisualStudioVersion = 16.0.32002.261
MinimumVisualStudioVersion = 10.0.40219.1
Project("{FAE04EC0-301F-11D3-BF4B-00C04F79EFBC}") = "1. Even Lines", "1. Even Lines\1. Even Lines.csproj", "{A194B941-A7AD-4DB5-BF8B-3FF83DC152DE}"
EndProject
Global
	GlobalSection(SolutionConfigurationPlatforms) = preSolution
		Debug|Any CPU = Debug|Any CPU
		Release|Any CPU = Release|Any CPU
	EndGlobalSection
	GlobalSection(ProjectConfigurationPlatforms) = postSolution
		{A194B941-A7AD-4DB5-BF8B-3FF83DC152DE}.Debug|Any CPU.ActiveCfg = Debug|Any CPU
		{A194B941-A7AD-4DB5-BF8B-3FF83DC152DE}.Debug|Any CPU.Build.0 = Debug|Any CPU
		{A194B941-A7AD-4DB5-BF8B-3FF83DC152DE}.Release|Any CPU.ActiveCfg = Release|Any CPU
		{A194B941-A7AD-4DB5-BF8B-3FF83DC152DE}.Release|Any CPU.Build.0 = Release|Any CPU
	EndGlobalSection
	GlobalSection(SolutionProperties) = preSolution
		HideSolutionNode = FALSE
	EndGlobalSection
	GlobalSection(ExtensibilityGlobals) = postSolution
		SolutionGuid = {8EE39BAB-D818-497A-80B5-DBEC3F17F056}
	EndGlobalSection
EndGlobal
