
Microsoft Visual Studio Solution File, Format Version 12.00
# Visual Studio Version 16
VisualStudioVersion = 16.0.32002.261
MinimumVisualStudioVersion = 10.0.40219.1
Project("{FAE04EC0-301F-11D3-BF4B-00C04F79EFBC}") = "1. Sort Even Numbers", "1. Sort Even Numbers\1. Sort Even Numbers.csproj", "{7A3E4D64-A6A5-456D-AFE6-161A96CBB4EB}"
EndProject
Project("{FAE04EC0-301F-11D3-BF4B-00C04F79EFBC}") = "2. Sum Numbers", "2. Sum Numbers\2. Sum Numbers.csproj", "{2FFA4C2E-5DCA-4120-BAE5-F3AE72E0076D}"
EndProject
Project("{FAE04EC0-301F-11D3-BF4B-00C04F79EFBC}") = "3. Count Uppercase Words", "3. Count Uppercase Words\3. Count Uppercase Words.csproj", "{49D37687-DF10-45EC-A370-B16EF86B1EC3}"
EndProject
Project("{FAE04EC0-301F-11D3-BF4B-00C04F79EFBC}") = "4. Add VAT", "4. Add VAT\4. Add VAT.csproj", "{AC60D603-F61C-4FB7-BDB0-8C24B26C6610}"
EndProject
Project("{FAE04EC0-301F-11D3-BF4B-00C04F79EFBC}") = "5. Filter by Age", "5. Filter by Age\5. Filter by Age.csproj", "{D3B5972B-FE04-4251-B778-2EAFBDF5BC83}"
EndProject
Global
	GlobalSection(SolutionConfigurationPlatforms) = preSolution
		Debug|Any CPU = Debug|Any CPU
		Release|Any CPU = Release|Any CPU
	EndGlobalSection
	GlobalSection(ProjectConfigurationPlatforms) = postSolution
		{7A3E4D64-A6A5-456D-AFE6-161A96CBB4EB}.Debug|Any CPU.ActiveCfg = Debug|Any CPU
		{7A3E4D64-A6A5-456D-AFE6-161A96CBB4EB}.Debug|Any CPU.Build.0 = Debug|Any CPU
		{7A3E4D64-A6A5-456D-AFE6-161A96CBB4EB}.Release|Any CPU.ActiveCfg = Release|Any CPU
		{7A3E4D64-A6A5-456D-AFE6-161A96CBB4EB}.Release|Any CPU.Build.0 = Release|Any CPU
		{2FFA4C2E-5DCA-4120-BAE5-F3AE72E0076D}.Debug|Any CPU.ActiveCfg = Debug|Any CPU
		{2FFA4C2E-5DCA-4120-BAE5-F3AE72E0076D}.Debug|Any CPU.Build.0 = Debug|Any CPU
		{2FFA4C2E-5DCA-4120-BAE5-F3AE72E0076D}.Release|Any CPU.ActiveCfg = Release|Any CPU
		{2FFA4C2E-5DCA-4120-BAE5-F3AE72E0076D}.Release|Any CPU.Build.0 = Release|Any CPU
		{49D37687-DF10-45EC-A370-B16EF86B1EC3}.Debug|Any CPU.ActiveCfg = Debug|Any CPU
		{49D37687-DF10-45EC-A370-B16EF86B1EC3}.Debug|Any CPU.Build.0 = Debug|Any CPU
		{49D37687-DF10-45EC-A370-B16EF86B1EC3}.Release|Any CPU.ActiveCfg = Release|Any CPU
		{49D37687-DF10-45EC-A370-B16EF86B1EC3}.Release|Any CPU.Build.0 = Release|Any CPU
		{AC60D603-F61C-4FB7-BDB0-8C24B26C6610}.Debug|Any CPU.ActiveCfg = Debug|Any CPU
		{AC60D603-F61C-4FB7-BDB0-8C24B26C6610}.Debug|Any CPU.Build.0 = Debug|Any CPU
		{AC60D603-F61C-4FB7-BDB0-8C24B26C6610}.Release|Any CPU.ActiveCfg = Release|Any CPU
		{AC60D603-F61C-4FB7-BDB0-8C24B26C6610}.Release|Any CPU.Build.0 = Release|Any CPU
		{D3B5972B-FE04-4251-B778-2EAFBDF5BC83}.Debug|Any CPU.ActiveCfg = Debug|Any CPU
		{D3B5972B-FE04-4251-B778-2EAFBDF5BC83}.Debug|Any CPU.Build.0 = Debug|Any CPU
		{D3B5972B-FE04-4251-B778-2EAFBDF5BC83}.Release|Any CPU.ActiveCfg = Release|Any CPU
		{D3B5972B-FE04-4251-B778-2EAFBDF5BC83}.Release|Any CPU.Build.0 = Release|Any CPU
	EndGlobalSection
	GlobalSection(SolutionProperties) = preSolution
		HideSolutionNode = FALSE
	EndGlobalSection
	GlobalSection(ExtensibilityGlobals) = postSolution
		SolutionGuid = {BE78044E-7BBD-4B95-A7E5-9129F8406916}
	EndGlobalSection
EndGlobal
