
Microsoft Visual Studio Solution File, Format Version 12.00
# Visual Studio Version 17
VisualStudioVersion = 17.2.32616.157
MinimumVisualStudioVersion = 10.0.40219.1
Project("{FAE04EC0-301F-11D3-BF4B-00C04F79EFBC}") = "Chronometer", "Chronometer\Chronometer.csproj", "{46B51025-A44A-4931-8AC5-8E440DD865E2}"
EndProject
Project("{FAE04EC0-301F-11D3-BF4B-00C04F79EFBC}") = "TestAsync", "TestAsync\TestAsync.csproj", "{3DE45629-FA7E-4556-8440-BE5A1AD8D4D6}"
EndProject
Global
	GlobalSection(SolutionConfigurationPlatforms) = preSolution
		Debug|Any CPU = Debug|Any CPU
		Release|Any CPU = Release|Any CPU
	EndGlobalSection
	GlobalSection(ProjectConfigurationPlatforms) = postSolution
		{46B51025-A44A-4931-8AC5-8E440DD865E2}.Debug|Any CPU.ActiveCfg = Debug|Any CPU
		{46B51025-A44A-4931-8AC5-8E440DD865E2}.Debug|Any CPU.Build.0 = Debug|Any CPU
		{46B51025-A44A-4931-8AC5-8E440DD865E2}.Release|Any CPU.ActiveCfg = Release|Any CPU
		{46B51025-A44A-4931-8AC5-8E440DD865E2}.Release|Any CPU.Build.0 = Release|Any CPU
		{3DE45629-FA7E-4556-8440-BE5A1AD8D4D6}.Debug|Any CPU.ActiveCfg = Debug|Any CPU
		{3DE45629-FA7E-4556-8440-BE5A1AD8D4D6}.Debug|Any CPU.Build.0 = Debug|Any CPU
		{3DE45629-FA7E-4556-8440-BE5A1AD8D4D6}.Release|Any CPU.ActiveCfg = Release|Any CPU
		{3DE45629-FA7E-4556-8440-BE5A1AD8D4D6}.Release|Any CPU.Build.0 = Release|Any CPU
	EndGlobalSection
	GlobalSection(SolutionProperties) = preSolution
		HideSolutionNode = FALSE
	EndGlobalSection
	GlobalSection(ExtensibilityGlobals) = postSolution
		SolutionGuid = {2C124EF0-B861-42C5-B4F0-B05CCEF08DBC}
	EndGlobalSection
EndGlobal
