
Microsoft Visual Studio Solution File, Format Version 12.00
# Visual Studio Version 16
VisualStudioVersion = 16.0.32002.261
MinimumVisualStudioVersion = 10.0.40219.1
Project("{FAE04EC0-301F-11D3-BF4B-00C04F79EFBC}") = "IteratorsAndComparators", "1. Library\IteratorsAndComparators.csproj", "{E1565844-EAF5-4678-9771-970FB9AE4A81}"
EndProject
Global
	GlobalSection(SolutionConfigurationPlatforms) = preSolution
		Debug|Any CPU = Debug|Any CPU
		Release|Any CPU = Release|Any CPU
	EndGlobalSection
	GlobalSection(ProjectConfigurationPlatforms) = postSolution
		{E1565844-EAF5-4678-9771-970FB9AE4A81}.Debug|Any CPU.ActiveCfg = Debug|Any CPU
		{E1565844-EAF5-4678-9771-970FB9AE4A81}.Debug|Any CPU.Build.0 = Debug|Any CPU
		{E1565844-EAF5-4678-9771-970FB9AE4A81}.Release|Any CPU.ActiveCfg = Release|Any CPU
		{E1565844-EAF5-4678-9771-970FB9AE4A81}.Release|Any CPU.Build.0 = Release|Any CPU
	EndGlobalSection
	GlobalSection(SolutionProperties) = preSolution
		HideSolutionNode = FALSE
	EndGlobalSection
	GlobalSection(ExtensibilityGlobals) = postSolution
		SolutionGuid = {3BB5F84D-2BC1-468B-AC91-E8BD81139006}
	EndGlobalSection
EndGlobal
